
Microsoft Visual Studio Solution File, Format Version 12.00
# Visual Studio Version 16
VisualStudioVersion = 16.0.29215.179
MinimumVisualStudioVersion = 10.0.40219.1
Project("{FAE04EC0-301F-11D3-BF4B-00C04F79EFBC}") = "Graduate", "Graduate\Graduate.csproj", "{ED83B26E-AEF6-400A-9C34-170E7B8CBC5A}"
EndProject
Global
	GlobalSection(SolutionConfigurationPlatforms) = preSolution
		Debug|Any CPU = Debug|Any CPU
		Release|Any CPU = Release|Any CPU
	EndGlobalSection
	GlobalSection(ProjectConfigurationPlatforms) = postSolution
		{ED83B26E-AEF6-400A-9C34-170E7B8CBC5A}.Debug|Any CPU.ActiveCfg = Debug|Any CPU
		{ED83B26E-AEF6-400A-9C34-170E7B8CBC5A}.Debug|Any CPU.Build.0 = Debug|Any CPU
		{ED83B26E-AEF6-400A-9C34-170E7B8CBC5A}.Release|Any CPU.ActiveCfg = Release|Any CPU
		{ED83B26E-AEF6-400A-9C34-170E7B8CBC5A}.Release|Any CPU.Build.0 = Release|Any CPU
	EndGlobalSection
	GlobalSection(SolutionProperties) = preSolution
		HideSolutionNode = FALSE
	EndGlobalSection
	GlobalSection(ExtensibilityGlobals) = postSolution
		SolutionGuid = {D731F108-2345-4F82-82E2-465442E84B9F}
	EndGlobalSection
EndGlobal
